// !$*UTF8*$!
{
	archiveVersion = 1;
	classes = {
	};
	objectVersion = 51;
	objects = {

/* Begin PBXBuildFile section */
		0172B93A084744908D31BDCB /* Pods_Snapfood.framework in Frameworks */ = {isa = PBXBuildFile; fileRef = 7BCFAB7B393D3DA1D527E783 /* Pods_Snapfood.framework */; };
		021210CD2509C1DA0062DB29 /* RestaurantSignupViewController.swift in Sources */ = {isa = PBXBuildFile; fileRef = 021210CC2509C1DA0062DB29 /* RestaurantSignupViewController.swift */; };
		021210CF2509C2710062DB29 /* UserSignupViewController.swift in Sources */ = {isa = PBXBuildFile; fileRef = 021210CE2509C2710062DB29 /* UserSignupViewController.swift */; };
		0259A0902509E0CC00C567A6 /* GoogleService-Info.plist in Resources */ = {isa = PBXBuildFile; fileRef = 0259A08F2509E0CC00C567A6 /* GoogleService-Info.plist */; };
		0259A0932509E2B900C567A6 /* AppUser.swift in Sources */ = {isa = PBXBuildFile; fileRef = 0259A0922509E2B900C567A6 /* AppUser.swift */; };
		0259A0952509E44100C567A6 /* UserApi.swift in Sources */ = {isa = PBXBuildFile; fileRef = 0259A0942509E44100C567A6 /* UserApi.swift */; };
		0259A0972509E50200C567A6 /* Api.swift in Sources */ = {isa = PBXBuildFile; fileRef = 0259A0962509E50200C567A6 /* Api.swift */; };
		0259A0992509E5AA00C567A6 /* AuthService.swift in Sources */ = {isa = PBXBuildFile; fileRef = 0259A0982509E5A900C567A6 /* AuthService.swift */; };
		025C113D2505836500A1E130 /* SF-Pro-Rounded-Regular.otf in Resources */ = {isa = PBXBuildFile; fileRef = 025C112F2505836300A1E130 /* SF-Pro-Rounded-Regular.otf */; };
		025C113E2505836500A1E130 /* SF-Pro-Rounded-Bold.otf in Resources */ = {isa = PBXBuildFile; fileRef = 025C11302505836300A1E130 /* SF-Pro-Rounded-Bold.otf */; };
		025C113F2505836500A1E130 /* SF-Pro-Text-LightItalic.otf in Resources */ = {isa = PBXBuildFile; fileRef = 025C11312505836300A1E130 /* SF-Pro-Text-LightItalic.otf */; };
		025C11402505836500A1E130 /* SF-Pro-Text-RegularItalic.otf in Resources */ = {isa = PBXBuildFile; fileRef = 025C11322505836300A1E130 /* SF-Pro-Text-RegularItalic.otf */; };
		025C11412505836500A1E130 /* SF-Pro-Text-SemiboldItalic.otf in Resources */ = {isa = PBXBuildFile; fileRef = 025C11332505836300A1E130 /* SF-Pro-Text-SemiboldItalic.otf */; };
		025C11422505836500A1E130 /* SF-Pro-Rounded-Medium.otf in Resources */ = {isa = PBXBuildFile; fileRef = 025C11342505836400A1E130 /* SF-Pro-Rounded-Medium.otf */; };
		025C11432505836500A1E130 /* SF-Pro-Rounded-Heavy.otf in Resources */ = {isa = PBXBuildFile; fileRef = 025C11352505836400A1E130 /* SF-Pro-Rounded-Heavy.otf */; };
		025C11442505836500A1E130 /* SF-Pro-Rounded-Black.otf in Resources */ = {isa = PBXBuildFile; fileRef = 025C11362505836400A1E130 /* SF-Pro-Rounded-Black.otf */; };
		025C11452505836500A1E130 /* SF-Pro-Rounded-Thin.otf in Resources */ = {isa = PBXBuildFile; fileRef = 025C11372505836400A1E130 /* SF-Pro-Rounded-Thin.otf */; };
		025C11462505836500A1E130 /* SF-Pro-Text-MediumItalic.otf in Resources */ = {isa = PBXBuildFile; fileRef = 025C11382505836400A1E130 /* SF-Pro-Text-MediumItalic.otf */; };
		025C11472505836500A1E130 /* SF-Pro-Rounded-Semibold.otf in Resources */ = {isa = PBXBuildFile; fileRef = 025C11392505836400A1E130 /* SF-Pro-Rounded-Semibold.otf */; };
		025C11482505836500A1E130 /* SF-Pro-Rounded-Ultralight.otf in Resources */ = {isa = PBXBuildFile; fileRef = 025C113A2505836500A1E130 /* SF-Pro-Rounded-Ultralight.otf */; };
		025C11492505836500A1E130 /* SF-Pro-Text-ThinItalic.otf in Resources */ = {isa = PBXBuildFile; fileRef = 025C113B2505836500A1E130 /* SF-Pro-Text-ThinItalic.otf */; };
		025C114A2505836500A1E130 /* SF-Pro-Rounded-Light.otf in Resources */ = {isa = PBXBuildFile; fileRef = 025C113C2505836500A1E130 /* SF-Pro-Rounded-Light.otf */; };
		027510EB2503D1B800BF7987 /* AppDelegate.swift in Sources */ = {isa = PBXBuildFile; fileRef = 027510EA2503D1B800BF7987 /* AppDelegate.swift */; };
		027510ED2503D1B800BF7987 /* SceneDelegate.swift in Sources */ = {isa = PBXBuildFile; fileRef = 027510EC2503D1B800BF7987 /* SceneDelegate.swift */; };
		027510EF2503D1B800BF7987 /* ViewController.swift in Sources */ = {isa = PBXBuildFile; fileRef = 027510EE2503D1B800BF7987 /* ViewController.swift */; };
		027510F22503D1B800BF7987 /* Main.storyboard in Resources */ = {isa = PBXBuildFile; fileRef = 027510F02503D1B800BF7987 /* Main.storyboard */; };
		027510F42503D1CC00BF7987 /* Assets.xcassets in Resources */ = {isa = PBXBuildFile; fileRef = 027510F32503D1CC00BF7987 /* Assets.xcassets */; };
		027510F72503D1CC00BF7987 /* LaunchScreen.storyboard in Resources */ = {isa = PBXBuildFile; fileRef = 027510F52503D1CC00BF7987 /* LaunchScreen.storyboard */; };
		027510FF2503E25000BF7987 /* Extensions.swift in Sources */ = {isa = PBXBuildFile; fileRef = 027510FE2503E24F00BF7987 /* Extensions.swift */; };
		02A15A0B2508DA07001B5FAD /* LoginViewController.swift in Sources */ = {isa = PBXBuildFile; fileRef = 02A15A0A2508DA07001B5FAD /* LoginViewController.swift */; };
		02A15A0D2508DA31001B5FAD /* SelectSignupViewController.swift in Sources */ = {isa = PBXBuildFile; fileRef = 02A15A0C2508DA31001B5FAD /* SelectSignupViewController.swift */; };
		02FA637C250D63ED00703E29 /* ExploreViewController.swift in Sources */ = {isa = PBXBuildFile; fileRef = 02FA637B250D63ED00703E29 /* ExploreViewController.swift */; };
/* End PBXBuildFile section */

/* Begin PBXFileReference section */
		021210CC2509C1DA0062DB29 /* RestaurantSignupViewController.swift */ = {isa = PBXFileReference; lastKnownFileType = sourcecode.swift; path = RestaurantSignupViewController.swift; sourceTree = "<group>"; };
		021210CE2509C2710062DB29 /* UserSignupViewController.swift */ = {isa = PBXFileReference; lastKnownFileType = sourcecode.swift; path = UserSignupViewController.swift; sourceTree = "<group>"; };
		0259A08F2509E0CC00C567A6 /* GoogleService-Info.plist */ = {isa = PBXFileReference; fileEncoding = 4; lastKnownFileType = text.plist.xml; path = "GoogleService-Info.plist"; sourceTree = "<group>"; };
		0259A0922509E2B900C567A6 /* AppUser.swift */ = {isa = PBXFileReference; fileEncoding = 4; lastKnownFileType = sourcecode.swift; path = AppUser.swift; sourceTree = "<group>"; };
		0259A0942509E44100C567A6 /* UserApi.swift */ = {isa = PBXFileReference; fileEncoding = 4; lastKnownFileType = sourcecode.swift; path = UserApi.swift; sourceTree = "<group>"; };
		0259A0962509E50200C567A6 /* Api.swift */ = {isa = PBXFileReference; fileEncoding = 4; lastKnownFileType = sourcecode.swift; path = Api.swift; sourceTree = "<group>"; };
		0259A0982509E5A900C567A6 /* AuthService.swift */ = {isa = PBXFileReference; fileEncoding = 4; lastKnownFileType = sourcecode.swift; path = AuthService.swift; sourceTree = "<group>"; };
		025C112F2505836300A1E130 /* SF-Pro-Rounded-Regular.otf */ = {isa = PBXFileReference; lastKnownFileType = file; path = "SF-Pro-Rounded-Regular.otf"; sourceTree = "<group>"; };
		025C11302505836300A1E130 /* SF-Pro-Rounded-Bold.otf */ = {isa = PBXFileReference; lastKnownFileType = file; path = "SF-Pro-Rounded-Bold.otf"; sourceTree = "<group>"; };
		025C11312505836300A1E130 /* SF-Pro-Text-LightItalic.otf */ = {isa = PBXFileReference; lastKnownFileType = file; path = "SF-Pro-Text-LightItalic.otf"; sourceTree = "<group>"; };
		025C11322505836300A1E130 /* SF-Pro-Text-RegularItalic.otf */ = {isa = PBXFileReference; lastKnownFileType = file; path = "SF-Pro-Text-RegularItalic.otf"; sourceTree = "<group>"; };
		025C11332505836300A1E130 /* SF-Pro-Text-SemiboldItalic.otf */ = {isa = PBXFileReference; lastKnownFileType = file; path = "SF-Pro-Text-SemiboldItalic.otf"; sourceTree = "<group>"; };
		025C11342505836400A1E130 /* SF-Pro-Rounded-Medium.otf */ = {isa = PBXFileReference; lastKnownFileType = file; path = "SF-Pro-Rounded-Medium.otf"; sourceTree = "<group>"; };
		025C11352505836400A1E130 /* SF-Pro-Rounded-Heavy.otf */ = {isa = PBXFileReference; lastKnownFileType = file; path = "SF-Pro-Rounded-Heavy.otf"; sourceTree = "<group>"; };
		025C11362505836400A1E130 /* SF-Pro-Rounded-Black.otf */ = {isa = PBXFileReference; lastKnownFileType = file; path = "SF-Pro-Rounded-Black.otf"; sourceTree = "<group>"; };
		025C11372505836400A1E130 /* SF-Pro-Rounded-Thin.otf */ = {isa = PBXFileReference; lastKnownFileType = file; path = "SF-Pro-Rounded-Thin.otf"; sourceTree = "<group>"; };
		025C11382505836400A1E130 /* SF-Pro-Text-MediumItalic.otf */ = {isa = PBXFileReference; lastKnownFileType = file; path = "SF-Pro-Text-MediumItalic.otf"; sourceTree = "<group>"; };
		025C11392505836400A1E130 /* SF-Pro-Rounded-Semibold.otf */ = {isa = PBXFileReference; lastKnownFileType = file; path = "SF-Pro-Rounded-Semibold.otf"; sourceTree = "<group>"; };
		025C113A2505836500A1E130 /* SF-Pro-Rounded-Ultralight.otf */ = {isa = PBXFileReference; lastKnownFileType = file; path = "SF-Pro-Rounded-Ultralight.otf"; sourceTree = "<group>"; };
		025C113B2505836500A1E130 /* SF-Pro-Text-ThinItalic.otf */ = {isa = PBXFileReference; lastKnownFileType = file; path = "SF-Pro-Text-ThinItalic.otf"; sourceTree = "<group>"; };
		025C113C2505836500A1E130 /* SF-Pro-Rounded-Light.otf */ = {isa = PBXFileReference; lastKnownFileType = file; path = "SF-Pro-Rounded-Light.otf"; sourceTree = "<group>"; };
		027510E72503D1B800BF7987 /* Snapfood.app */ = {isa = PBXFileReference; explicitFileType = wrapper.application; includeInIndex = 0; path = Snapfood.app; sourceTree = BUILT_PRODUCTS_DIR; };
		027510EA2503D1B800BF7987 /* AppDelegate.swift */ = {isa = PBXFileReference; lastKnownFileType = sourcecode.swift; path = AppDelegate.swift; sourceTree = "<group>"; };
		027510EC2503D1B800BF7987 /* SceneDelegate.swift */ = {isa = PBXFileReference; lastKnownFileType = sourcecode.swift; path = SceneDelegate.swift; sourceTree = "<group>"; };
		027510EE2503D1B800BF7987 /* ViewController.swift */ = {isa = PBXFileReference; lastKnownFileType = sourcecode.swift; path = ViewController.swift; sourceTree = "<group>"; };
		027510F12503D1B800BF7987 /* Base */ = {isa = PBXFileReference; lastKnownFileType = file.storyboard; name = Base; path = Base.lproj/Main.storyboard; sourceTree = "<group>"; };
		027510F32503D1CC00BF7987 /* Assets.xcassets */ = {isa = PBXFileReference; lastKnownFileType = folder.assetcatalog; path = Assets.xcassets; sourceTree = "<group>"; };
		027510F62503D1CC00BF7987 /* Base */ = {isa = PBXFileReference; lastKnownFileType = file.storyboard; name = Base; path = Base.lproj/LaunchScreen.storyboard; sourceTree = "<group>"; };
		027510F82503D1CC00BF7987 /* Info.plist */ = {isa = PBXFileReference; lastKnownFileType = text.plist.xml; path = Info.plist; sourceTree = "<group>"; };
		027510FE2503E24F00BF7987 /* Extensions.swift */ = {isa = PBXFileReference; fileEncoding = 4; lastKnownFileType = sourcecode.swift; path = Extensions.swift; sourceTree = "<group>"; };
		02A15A0A2508DA07001B5FAD /* LoginViewController.swift */ = {isa = PBXFileReference; lastKnownFileType = sourcecode.swift; path = LoginViewController.swift; sourceTree = "<group>"; };
		02A15A0C2508DA31001B5FAD /* SelectSignupViewController.swift */ = {isa = PBXFileReference; lastKnownFileType = sourcecode.swift; path = SelectSignupViewController.swift; sourceTree = "<group>"; };
		02FA637B250D63ED00703E29 /* ExploreViewController.swift */ = {isa = PBXFileReference; lastKnownFileType = sourcecode.swift; path = ExploreViewController.swift; sourceTree = "<group>"; };
		0568DE127CA574181615345D /* Pods-Snapfood.release.xcconfig */ = {isa = PBXFileReference; includeInIndex = 1; lastKnownFileType = text.xcconfig; name = "Pods-Snapfood.release.xcconfig"; path = "Target Support Files/Pods-Snapfood/Pods-Snapfood.release.xcconfig"; sourceTree = "<group>"; };
		7BCFAB7B393D3DA1D527E783 /* Pods_Snapfood.framework */ = {isa = PBXFileReference; explicitFileType = wrapper.framework; includeInIndex = 0; path = Pods_Snapfood.framework; sourceTree = BUILT_PRODUCTS_DIR; };
		A68CA803AFED627A62142BF2 /* Pods-Snapfood.debug.xcconfig */ = {isa = PBXFileReference; includeInIndex = 1; lastKnownFileType = text.xcconfig; name = "Pods-Snapfood.debug.xcconfig"; path = "Target Support Files/Pods-Snapfood/Pods-Snapfood.debug.xcconfig"; sourceTree = "<group>"; };
/* End PBXFileReference section */

/* Begin PBXFrameworksBuildPhase section */
		027510E42503D1B800BF7987 /* Frameworks */ = {
			isa = PBXFrameworksBuildPhase;
			buildActionMask = 2147483647;
			files = (
				0172B93A084744908D31BDCB /* Pods_Snapfood.framework in Frameworks */,
			);
			runOnlyForDeploymentPostprocessing = 0;
		};
/* End PBXFrameworksBuildPhase section */

/* Begin PBXGroup section */
		0259A0912509E1D500C567A6 /* Set-1 */ = {
			isa = PBXGroup;
			children = (
				027510EE2503D1B800BF7987 /* ViewController.swift */,
				02A15A0A2508DA07001B5FAD /* LoginViewController.swift */,
				02A15A0C2508DA31001B5FAD /* SelectSignupViewController.swift */,
				021210CC2509C1DA0062DB29 /* RestaurantSignupViewController.swift */,
				021210CE2509C2710062DB29 /* UserSignupViewController.swift */,
				0259A0962509E50200C567A6 /* Api.swift */,
				0259A0982509E5A900C567A6 /* AuthService.swift */,
				0259A0922509E2B900C567A6 /* AppUser.swift */,
				0259A0942509E44100C567A6 /* UserApi.swift */,
			);
			path = "Set-1";
			sourceTree = "<group>";
		};
		025C112E2505833500A1E130 /* Fonts */ = {
			isa = PBXGroup;
			children = (
				025C11362505836400A1E130 /* SF-Pro-Rounded-Black.otf */,
				025C11302505836300A1E130 /* SF-Pro-Rounded-Bold.otf */,
				025C11352505836400A1E130 /* SF-Pro-Rounded-Heavy.otf */,
				025C113C2505836500A1E130 /* SF-Pro-Rounded-Light.otf */,
				025C11342505836400A1E130 /* SF-Pro-Rounded-Medium.otf */,
				025C112F2505836300A1E130 /* SF-Pro-Rounded-Regular.otf */,
				025C11392505836400A1E130 /* SF-Pro-Rounded-Semibold.otf */,
				025C11372505836400A1E130 /* SF-Pro-Rounded-Thin.otf */,
				025C113A2505836500A1E130 /* SF-Pro-Rounded-Ultralight.otf */,
				025C11312505836300A1E130 /* SF-Pro-Text-LightItalic.otf */,
				025C11382505836400A1E130 /* SF-Pro-Text-MediumItalic.otf */,
				025C11322505836300A1E130 /* SF-Pro-Text-RegularItalic.otf */,
				025C11332505836300A1E130 /* SF-Pro-Text-SemiboldItalic.otf */,
				025C113B2505836500A1E130 /* SF-Pro-Text-ThinItalic.otf */,
			);
			path = Fonts;
			sourceTree = "<group>";
		};
		027510DE2503D1B800BF7987 = {
			isa = PBXGroup;
			children = (
				025C112E2505833500A1E130 /* Fonts */,
				027510E92503D1B800BF7987 /* Snapfood */,
				0259A0912509E1D500C567A6 /* Set-1 */,
				02FA637A250D63A200703E29 /* Set-2 */,
				027510E82503D1B800BF7987 /* Products */,
				31A2D91CB99F3D3085B6B20A /* Pods */,
				DA21E98B7D56C7C6A2D74B98 /* Frameworks */,
			);
			sourceTree = "<group>";
		};
		027510E82503D1B800BF7987 /* Products */ = {
			isa = PBXGroup;
			children = (
				027510E72503D1B800BF7987 /* Snapfood.app */,
			);
			name = Products;
			sourceTree = "<group>";
		};
		027510E92503D1B800BF7987 /* Snapfood */ = {
			isa = PBXGroup;
			children = (
				027510EA2503D1B800BF7987 /* AppDelegate.swift */,
				027510EC2503D1B800BF7987 /* SceneDelegate.swift */,
				027510F32503D1CC00BF7987 /* Assets.xcassets */,
				027510F52503D1CC00BF7987 /* LaunchScreen.storyboard */,
				027510F02503D1B800BF7987 /* Main.storyboard */,
				027510FE2503E24F00BF7987 /* Extensions.swift */,
				027510F82503D1CC00BF7987 /* Info.plist */,
				0259A08F2509E0CC00C567A6 /* GoogleService-Info.plist */,
			);
			path = Snapfood;
			sourceTree = "<group>";
		};
		02FA637A250D63A200703E29 /* Set-2 */ = {
			isa = PBXGroup;
			children = (
				02FA637B250D63ED00703E29 /* ExploreViewController.swift */,
			);
			path = "Set-2";
			sourceTree = "<group>";
		};
		31A2D91CB99F3D3085B6B20A /* Pods */ = {
			isa = PBXGroup;
			children = (
				A68CA803AFED627A62142BF2 /* Pods-Snapfood.debug.xcconfig */,
				0568DE127CA574181615345D /* Pods-Snapfood.release.xcconfig */,
			);
			path = Pods;
			sourceTree = "<group>";
		};
		DA21E98B7D56C7C6A2D74B98 /* Frameworks */ = {
			isa = PBXGroup;
			children = (
				7BCFAB7B393D3DA1D527E783 /* Pods_Snapfood.framework */,
			);
			name = Frameworks;
			sourceTree = "<group>";
		};
/* End PBXGroup section */

/* Begin PBXNativeTarget section */
		027510E62503D1B800BF7987 /* Snapfood */ = {
			isa = PBXNativeTarget;
			buildConfigurationList = 027510FB2503D1CD00BF7987 /* Build configuration list for PBXNativeTarget "Snapfood" */;
			buildPhases = (
				287785D4CF8E68D309EE8D73 /* [CP] Check Pods Manifest.lock */,
				027510E32503D1B800BF7987 /* Sources */,
				027510E42503D1B800BF7987 /* Frameworks */,
				027510E52503D1B800BF7987 /* Resources */,
				FB5362879E1C0D582C64270C /* [CP] Embed Pods Frameworks */,
			);
			buildRules = (
			);
			dependencies = (
			);
			name = Snapfood;
			productName = Snapfood;
			productReference = 027510E72503D1B800BF7987 /* Snapfood.app */;
			productType = "com.apple.product-type.application";
		};
/* End PBXNativeTarget section */

/* Begin PBXProject section */
		027510DF2503D1B800BF7987 /* Project object */ = {
			isa = PBXProject;
			attributes = {
				LastSwiftUpdateCheck = 1170;
				LastUpgradeCheck = 1200;
				ORGANIZATIONNAME = "Likhit Garimella";
				TargetAttributes = {
					027510E62503D1B800BF7987 = {
						CreatedOnToolsVersion = 11.7;
					};
				};
			};
			buildConfigurationList = 027510E22503D1B800BF7987 /* Build configuration list for PBXProject "Snapfood" */;
			compatibilityVersion = "Xcode 9.3";
			developmentRegion = en;
			hasScannedForEncodings = 0;
			knownRegions = (
				en,
				Base,
			);
			mainGroup = 027510DE2503D1B800BF7987;
			productRefGroup = 027510E82503D1B800BF7987 /* Products */;
			projectDirPath = "";
			projectRoot = "";
			targets = (
				027510E62503D1B800BF7987 /* Snapfood */,
			);
		};
/* End PBXProject section */

/* Begin PBXResourcesBuildPhase section */
		027510E52503D1B800BF7987 /* Resources */ = {
			isa = PBXResourcesBuildPhase;
			buildActionMask = 2147483647;
			files = (
				025C11492505836500A1E130 /* SF-Pro-Text-ThinItalic.otf in Resources */,
				025C11422505836500A1E130 /* SF-Pro-Rounded-Medium.otf in Resources */,
				025C11462505836500A1E130 /* SF-Pro-Text-MediumItalic.otf in Resources */,
				025C11442505836500A1E130 /* SF-Pro-Rounded-Black.otf in Resources */,
				025C114A2505836500A1E130 /* SF-Pro-Rounded-Light.otf in Resources */,
				025C11482505836500A1E130 /* SF-Pro-Rounded-Ultralight.otf in Resources */,
				025C11412505836500A1E130 /* SF-Pro-Text-SemiboldItalic.otf in Resources */,
				025C11452505836500A1E130 /* SF-Pro-Rounded-Thin.otf in Resources */,
				025C11472505836500A1E130 /* SF-Pro-Rounded-Semibold.otf in Resources */,
				027510F72503D1CC00BF7987 /* LaunchScreen.storyboard in Resources */,
				025C113D2505836500A1E130 /* SF-Pro-Rounded-Regular.otf in Resources */,
				0259A0902509E0CC00C567A6 /* GoogleService-Info.plist in Resources */,
				027510F42503D1CC00BF7987 /* Assets.xcassets in Resources */,
				027510F22503D1B800BF7987 /* Main.storyboard in Resources */,
				025C11432505836500A1E130 /* SF-Pro-Rounded-Heavy.otf in Resources */,
				025C11402505836500A1E130 /* SF-Pro-Text-RegularItalic.otf in Resources */,
				025C113F2505836500A1E130 /* SF-Pro-Text-LightItalic.otf in Resources */,
				025C113E2505836500A1E130 /* SF-Pro-Rounded-Bold.otf in Resources */,
			);
			runOnlyForDeploymentPostprocessing = 0;
		};
/* End PBXResourcesBuildPhase section */

/* Begin PBXShellScriptBuildPhase section */
		287785D4CF8E68D309EE8D73 /* [CP] Check Pods Manifest.lock */ = {
			isa = PBXShellScriptBuildPhase;
			buildActionMask = 2147483647;
			files = (
			);
			inputFileListPaths = (
			);
			inputPaths = (
				"${PODS_PODFILE_DIR_PATH}/Podfile.lock",
				"${PODS_ROOT}/Manifest.lock",
			);
			name = "[CP] Check Pods Manifest.lock";
			outputFileListPaths = (
			);
			outputPaths = (
				"$(DERIVED_FILE_DIR)/Pods-Snapfood-checkManifestLockResult.txt",
			);
			runOnlyForDeploymentPostprocessing = 0;
			shellPath = /bin/sh;
			shellScript = "diff \"${PODS_PODFILE_DIR_PATH}/Podfile.lock\" \"${PODS_ROOT}/Manifest.lock\" > /dev/null\nif [ $? != 0 ] ; then\n    # print error to STDERR\n    echo \"error: The sandbox is not in sync with the Podfile.lock. Run 'pod install' or update your CocoaPods installation.\" >&2\n    exit 1\nfi\n# This output is used by Xcode 'outputs' to avoid re-running this script phase.\necho \"SUCCESS\" > \"${SCRIPT_OUTPUT_FILE_0}\"\n";
			showEnvVarsInLog = 0;
		};
		FB5362879E1C0D582C64270C /* [CP] Embed Pods Frameworks */ = {
			isa = PBXShellScriptBuildPhase;
			buildActionMask = 2147483647;
			files = (
			);
			inputFileListPaths = (
				"${PODS_ROOT}/Target Support Files/Pods-Snapfood/Pods-Snapfood-frameworks-${CONFIGURATION}-input-files.xcfilelist",
			);
			name = "[CP] Embed Pods Frameworks";
			outputFileListPaths = (
				"${PODS_ROOT}/Target Support Files/Pods-Snapfood/Pods-Snapfood-frameworks-${CONFIGURATION}-output-files.xcfilelist",
			);
			runOnlyForDeploymentPostprocessing = 0;
			shellPath = /bin/sh;
			shellScript = "\"${PODS_ROOT}/Target Support Files/Pods-Snapfood/Pods-Snapfood-frameworks.sh\"\n";
			showEnvVarsInLog = 0;
		};
/* End PBXShellScriptBuildPhase section */

/* Begin PBXSourcesBuildPhase section */
		027510E32503D1B800BF7987 /* Sources */ = {
			isa = PBXSourcesBuildPhase;
			buildActionMask = 2147483647;
			files = (
				02A15A0D2508DA31001B5FAD /* SelectSignupViewController.swift in Sources */,
				0259A0952509E44100C567A6 /* UserApi.swift in Sources */,
				0259A0932509E2B900C567A6 /* AppUser.swift in Sources */,
				0259A0992509E5AA00C567A6 /* AuthService.swift in Sources */,
				027510EF2503D1B800BF7987 /* ViewController.swift in Sources */,
				027510EB2503D1B800BF7987 /* AppDelegate.swift in Sources */,
				0259A0972509E50200C567A6 /* Api.swift in Sources */,
				027510ED2503D1B800BF7987 /* SceneDelegate.swift in Sources */,
				021210CD2509C1DA0062DB29 /* RestaurantSignupViewController.swift in Sources */,
				021210CF2509C2710062DB29 /* UserSignupViewController.swift in Sources */,
				02FA637C250D63ED00703E29 /* ExploreViewController.swift in Sources */,
				02A15A0B2508DA07001B5FAD /* LoginViewController.swift in Sources */,
				027510FF2503E25000BF7987 /* Extensions.swift in Sources */,
			);
			runOnlyForDeploymentPostprocessing = 0;
		};
/* End PBXSourcesBuildPhase section */

/* Begin PBXVariantGroup section */
		027510F02503D1B800BF7987 /* Main.storyboard */ = {
			isa = PBXVariantGroup;
			children = (
				027510F12503D1B800BF7987 /* Base */,
			);
			name = Main.storyboard;
			sourceTree = "<group>";
		};
		027510F52503D1CC00BF7987 /* LaunchScreen.storyboard */ = {
			isa = PBXVariantGroup;
			children = (
				027510F62503D1CC00BF7987 /* Base */,
			);
			name = LaunchScreen.storyboard;
			sourceTree = "<group>";
		};
/* End PBXVariantGroup section */

/* Begin XCBuildConfiguration section */
		027510F92503D1CC00BF7987 /* Debug */ = {
			isa = XCBuildConfiguration;
			buildSettings = {
				ALWAYS_SEARCH_USER_PATHS = NO;
				CLANG_ANALYZER_NONNULL = YES;
				CLANG_ANALYZER_NUMBER_OBJECT_CONVERSION = YES_AGGRESSIVE;
				CLANG_CXX_LANGUAGE_STANDARD = "gnu++14";
				CLANG_CXX_LIBRARY = "libc++";
				CLANG_ENABLE_MODULES = YES;
				CLANG_ENABLE_OBJC_ARC = YES;
				CLANG_ENABLE_OBJC_WEAK = YES;
				CLANG_WARN_BLOCK_CAPTURE_AUTORELEASING = YES;
				CLANG_WARN_BOOL_CONVERSION = YES;
				CLANG_WARN_COMMA = YES;
				CLANG_WARN_CONSTANT_CONVERSION = YES;
				CLANG_WARN_DEPRECATED_OBJC_IMPLEMENTATIONS = YES;
				CLANG_WARN_DIRECT_OBJC_ISA_USAGE = YES_ERROR;
				CLANG_WARN_DOCUMENTATION_COMMENTS = YES;
				CLANG_WARN_EMPTY_BODY = YES;
				CLANG_WARN_ENUM_CONVERSION = YES;
				CLANG_WARN_INFINITE_RECURSION = YES;
				CLANG_WARN_INT_CONVERSION = YES;
				CLANG_WARN_NON_LITERAL_NULL_CONVERSION = YES;
				CLANG_WARN_OBJC_IMPLICIT_RETAIN_SELF = YES;
				CLANG_WARN_OBJC_LITERAL_CONVERSION = YES;
				CLANG_WARN_OBJC_ROOT_CLASS = YES_ERROR;
				CLANG_WARN_QUOTED_INCLUDE_IN_FRAMEWORK_HEADER = YES;
				CLANG_WARN_RANGE_LOOP_ANALYSIS = YES;
				CLANG_WARN_STRICT_PROTOTYPES = YES;
				CLANG_WARN_SUSPICIOUS_MOVE = YES;
				CLANG_WARN_UNGUARDED_AVAILABILITY = YES_AGGRESSIVE;
				CLANG_WARN_UNREACHABLE_CODE = YES;
				CLANG_WARN__DUPLICATE_METHOD_MATCH = YES;
				COPY_PHASE_STRIP = NO;
				DEBUG_INFORMATION_FORMAT = dwarf;
				ENABLE_STRICT_OBJC_MSGSEND = YES;
				ENABLE_TESTABILITY = YES;
				GCC_C_LANGUAGE_STANDARD = gnu11;
				GCC_DYNAMIC_NO_PIC = NO;
				GCC_NO_COMMON_BLOCKS = YES;
				GCC_OPTIMIZATION_LEVEL = 0;
				GCC_PREPROCESSOR_DEFINITIONS = (
					"DEBUG=1",
					"$(inherited)",
				);
				GCC_WARN_64_TO_32_BIT_CONVERSION = YES;
				GCC_WARN_ABOUT_RETURN_TYPE = YES_ERROR;
				GCC_WARN_UNDECLARED_SELECTOR = YES;
				GCC_WARN_UNINITIALIZED_AUTOS = YES_AGGRESSIVE;
				GCC_WARN_UNUSED_FUNCTION = YES;
				GCC_WARN_UNUSED_VARIABLE = YES;
				IPHONEOS_DEPLOYMENT_TARGET = 11.0;
				MTL_ENABLE_DEBUG_INFO = INCLUDE_SOURCE;
				MTL_FAST_MATH = YES;
				ONLY_ACTIVE_ARCH = YES;
				SDKROOT = iphoneos;
				SWIFT_ACTIVE_COMPILATION_CONDITIONS = DEBUG;
				SWIFT_OPTIMIZATION_LEVEL = "-Onone";
			};
			name = Debug;
		};
		027510FA2503D1CC00BF7987 /* Release */ = {
			isa = XCBuildConfiguration;
			buildSettings = {
				ALWAYS_SEARCH_USER_PATHS = NO;
				CLANG_ANALYZER_NONNULL = YES;
				CLANG_ANALYZER_NUMBER_OBJECT_CONVERSION = YES_AGGRESSIVE;
				CLANG_CXX_LANGUAGE_STANDARD = "gnu++14";
				CLANG_CXX_LIBRARY = "libc++";
				CLANG_ENABLE_MODULES = YES;
				CLANG_ENABLE_OBJC_ARC = YES;
				CLANG_ENABLE_OBJC_WEAK = YES;
				CLANG_WARN_BLOCK_CAPTURE_AUTORELEASING = YES;
				CLANG_WARN_BOOL_CONVERSION = YES;
				CLANG_WARN_COMMA = YES;
				CLANG_WARN_CONSTANT_CONVERSION = YES;
				CLANG_WARN_DEPRECATED_OBJC_IMPLEMENTATIONS = YES;
				CLANG_WARN_DIRECT_OBJC_ISA_USAGE = YES_ERROR;
				CLANG_WARN_DOCUMENTATION_COMMENTS = YES;
				CLANG_WARN_EMPTY_BODY = YES;
				CLANG_WARN_ENUM_CONVERSION = YES;
				CLANG_WARN_INFINITE_RECURSION = YES;
				CLANG_WARN_INT_CONVERSION = YES;
				CLANG_WARN_NON_LITERAL_NULL_CONVERSION = YES;
				CLANG_WARN_OBJC_IMPLICIT_RETAIN_SELF = YES;
				CLANG_WARN_OBJC_LITERAL_CONVERSION = YES;
				CLANG_WARN_OBJC_ROOT_CLASS = YES_ERROR;
				CLANG_WARN_QUOTED_INCLUDE_IN_FRAMEWORK_HEADER = YES;
				CLANG_WARN_RANGE_LOOP_ANALYSIS = YES;
				CLANG_WARN_STRICT_PROTOTYPES = YES;
				CLANG_WARN_SUSPICIOUS_MOVE = YES;
				CLANG_WARN_UNGUARDED_AVAILABILITY = YES_AGGRESSIVE;
				CLANG_WARN_UNREACHABLE_CODE = YES;
				CLANG_WARN__DUPLICATE_METHOD_MATCH = YES;
				COPY_PHASE_STRIP = NO;
				DEBUG_INFORMATION_FORMAT = "dwarf-with-dsym";
				ENABLE_NS_ASSERTIONS = NO;
				ENABLE_STRICT_OBJC_MSGSEND = YES;
				GCC_C_LANGUAGE_STANDARD = gnu11;
				GCC_NO_COMMON_BLOCKS = YES;
				GCC_WARN_64_TO_32_BIT_CONVERSION = YES;
				GCC_WARN_ABOUT_RETURN_TYPE = YES_ERROR;
				GCC_WARN_UNDECLARED_SELECTOR = YES;
				GCC_WARN_UNINITIALIZED_AUTOS = YES_AGGRESSIVE;
				GCC_WARN_UNUSED_FUNCTION = YES;
				GCC_WARN_UNUSED_VARIABLE = YES;
				IPHONEOS_DEPLOYMENT_TARGET = 11.0;
				MTL_ENABLE_DEBUG_INFO = NO;
				MTL_FAST_MATH = YES;
				SDKROOT = iphoneos;
				SWIFT_COMPILATION_MODE = wholemodule;
				SWIFT_OPTIMIZATION_LEVEL = "-O";
				VALIDATE_PRODUCT = YES;
			};
			name = Release;
		};
		027510FC2503D1CD00BF7987 /* Debug */ = {
			isa = XCBuildConfiguration;
			baseConfigurationReference = A68CA803AFED627A62142BF2 /* Pods-Snapfood.debug.xcconfig */;
			buildSettings = {
				ASSETCATALOG_COMPILER_APPICON_NAME = AppIcon;
				CODE_SIGN_STYLE = Automatic;
				DEVELOPMENT_TEAM = 77BWS8985H;
				INFOPLIST_FILE = Snapfood/Info.plist;
				IPHONEOS_DEPLOYMENT_TARGET = 11.0;
				LD_RUNPATH_SEARCH_PATHS = (
					"$(inherited)",
					"@executable_path/Frameworks",
				);
				PRODUCT_BUNDLE_IDENTIFIER = com.likhitgarimella.Snapfood;
				PRODUCT_NAME = "$(TARGET_NAME)";
				SWIFT_VERSION = 5.0;
				TARGETED_DEVICE_FAMILY = 1;
			};
			name = Debug;
		};
		027510FD2503D1CD00BF7987 /* Release */ = {
			isa = XCBuildConfiguration;
			baseConfigurationReference = 0568DE127CA574181615345D /* Pods-Snapfood.release.xcconfig */;
			buildSettings = {
				ASSETCATALOG_COMPILER_APPICON_NAME = AppIcon;
				CODE_SIGN_STYLE = Automatic;
				DEVELOPMENT_TEAM = 77BWS8985H;
				INFOPLIST_FILE = Snapfood/Info.plist;
				IPHONEOS_DEPLOYMENT_TARGET = 11.0;
				LD_RUNPATH_SEARCH_PATHS = (
					"$(inherited)",
					"@executable_path/Frameworks",
				);
				PRODUCT_BUNDLE_IDENTIFIER = com.likhitgarimella.Snapfood;
				PRODUCT_NAME = "$(TARGET_NAME)";
				SWIFT_VERSION = 5.0;
				TARGETED_DEVICE_FAMILY = 1;
			};
			name = Release;
		};
/* End XCBuildConfiguration section */

/* Begin XCConfigurationList section */
		027510E22503D1B800BF7987 /* Build configuration list for PBXProject "Snapfood" */ = {
			isa = XCConfigurationList;
			buildConfigurations = (
				027510F92503D1CC00BF7987 /* Debug */,
				027510FA2503D1CC00BF7987 /* Release */,
			);
			defaultConfigurationIsVisible = 0;
			defaultConfigurationName = Release;
		};
		027510FB2503D1CD00BF7987 /* Build configuration list for PBXNativeTarget "Snapfood" */ = {
			isa = XCConfigurationList;
			buildConfigurations = (
				027510FC2503D1CD00BF7987 /* Debug */,
				027510FD2503D1CD00BF7987 /* Release */,
			);
			defaultConfigurationIsVisible = 0;
			defaultConfigurationName = Release;
		};
/* End XCConfigurationList section */
	};
	rootObject = 027510DF2503D1B800BF7987 /* Project object */;
}
