// !$*UTF8*$!
{
	archiveVersion = 1;
	classes = {
	};
	objectVersion = 51;
	objects = {

/* Begin PBXBuildFile section */
		021210CD2509C1DA0062DB29 /* RestaurantSignupViewController.swift in Sources */ = {isa = PBXBuildFile; fileRef = 021210CC2509C1DA0062DB29 /* RestaurantSignupViewController.swift */; };
		021210CF2509C2710062DB29 /* UserSignupViewController.swift in Sources */ = {isa = PBXBuildFile; fileRef = 021210CE2509C2710062DB29 /* UserSignupViewController.swift */; };
		021DB03725512EA600F7739C /* HomeTableViewCell.swift in Sources */ = {isa = PBXBuildFile; fileRef = 021DB03625512EA600F7739C /* HomeTableViewCell.swift */; };
		021DB03A2551761E00F7739C /* RestaurantTableViewCell.swift in Sources */ = {isa = PBXBuildFile; fileRef = 021DB0392551761E00F7739C /* RestaurantTableViewCell.swift */; };
		021DB03D255185F100F7739C /* Pods_Snapfood.framework in Frameworks */ = {isa = PBXBuildFile; fileRef = 7BCFAB7B393D3DA1D527E783 /* Pods_Snapfood.framework */; };
		021DB06A2551D5D700F7739C /* Photo2CollectionViewCell.swift in Sources */ = {isa = PBXBuildFile; fileRef = 021DB0682551D5D700F7739C /* Photo2CollectionViewCell.swift */; };
		021DB06B2551D5D700F7739C /* Photo2CollectionViewCell.xib in Resources */ = {isa = PBXBuildFile; fileRef = 021DB0692551D5D700F7739C /* Photo2CollectionViewCell.xib */; };
		022EB024252875F300A71104 /* RestaurantPostViewController.swift in Sources */ = {isa = PBXBuildFile; fileRef = 022EB023252875F300A71104 /* RestaurantPostViewController.swift */; };
		022EB0272528761500A71104 /* UserPostViewController.swift in Sources */ = {isa = PBXBuildFile; fileRef = 022EB0262528761500A71104 /* UserPostViewController.swift */; };
		0237701C2525FC9300CC3F32 /* FeedViewController.swift in Sources */ = {isa = PBXBuildFile; fileRef = 0237701B2525FC9300CC3F32 /* FeedViewController.swift */; };
		0237701F2525FCE300CC3F32 /* PostViewController.swift in Sources */ = {isa = PBXBuildFile; fileRef = 0237701E2525FCE300CC3F32 /* PostViewController.swift */; };
		023770222525FD0400CC3F32 /* DiscoverViewController.swift in Sources */ = {isa = PBXBuildFile; fileRef = 023770212525FD0400CC3F32 /* DiscoverViewController.swift */; };
		023770252525FD2500CC3F32 /* RestaurantProfileViewController.swift in Sources */ = {isa = PBXBuildFile; fileRef = 023770242525FD2500CC3F32 /* RestaurantProfileViewController.swift */; };
		0259A0902509E0CC00C567A6 /* GoogleService-Info.plist in Resources */ = {isa = PBXBuildFile; fileRef = 0259A08F2509E0CC00C567A6 /* GoogleService-Info.plist */; };
		0259A0932509E2B900C567A6 /* AppUser.swift in Sources */ = {isa = PBXBuildFile; fileRef = 0259A0922509E2B900C567A6 /* AppUser.swift */; };
		0259A0952509E44100C567A6 /* UserApi.swift in Sources */ = {isa = PBXBuildFile; fileRef = 0259A0942509E44100C567A6 /* UserApi.swift */; };
		0259A0972509E50200C567A6 /* Api.swift in Sources */ = {isa = PBXBuildFile; fileRef = 0259A0962509E50200C567A6 /* Api.swift */; };
		0259A0992509E5AA00C567A6 /* AuthService.swift in Sources */ = {isa = PBXBuildFile; fileRef = 0259A0982509E5A900C567A6 /* AuthService.swift */; };
		0259DF6F25673A6400E142AC /* DescriptionViewController.swift in Sources */ = {isa = PBXBuildFile; fileRef = 0259DF6E25673A6400E142AC /* DescriptionViewController.swift */; };
		025C113D2505836500A1E130 /* SF-Pro-Rounded-Regular.otf in Resources */ = {isa = PBXBuildFile; fileRef = 025C112F2505836300A1E130 /* SF-Pro-Rounded-Regular.otf */; };
		025C113E2505836500A1E130 /* SF-Pro-Rounded-Bold.otf in Resources */ = {isa = PBXBuildFile; fileRef = 025C11302505836300A1E130 /* SF-Pro-Rounded-Bold.otf */; };
		025C113F2505836500A1E130 /* SF-Pro-Text-LightItalic.otf in Resources */ = {isa = PBXBuildFile; fileRef = 025C11312505836300A1E130 /* SF-Pro-Text-LightItalic.otf */; };
		025C11402505836500A1E130 /* SF-Pro-Text-RegularItalic.otf in Resources */ = {isa = PBXBuildFile; fileRef = 025C11322505836300A1E130 /* SF-Pro-Text-RegularItalic.otf */; };
		025C11412505836500A1E130 /* SF-Pro-Text-SemiboldItalic.otf in Resources */ = {isa = PBXBuildFile; fileRef = 025C11332505836300A1E130 /* SF-Pro-Text-SemiboldItalic.otf */; };
		025C11422505836500A1E130 /* SF-Pro-Rounded-Medium.otf in Resources */ = {isa = PBXBuildFile; fileRef = 025C11342505836400A1E130 /* SF-Pro-Rounded-Medium.otf */; };
		025C11432505836500A1E130 /* SF-Pro-Rounded-Heavy.otf in Resources */ = {isa = PBXBuildFile; fileRef = 025C11352505836400A1E130 /* SF-Pro-Rounded-Heavy.otf */; };
		025C11442505836500A1E130 /* SF-Pro-Rounded-Black.otf in Resources */ = {isa = PBXBuildFile; fileRef = 025C11362505836400A1E130 /* SF-Pro-Rounded-Black.otf */; };
		025C11452505836500A1E130 /* SF-Pro-Rounded-Thin.otf in Resources */ = {isa = PBXBuildFile; fileRef = 025C11372505836400A1E130 /* SF-Pro-Rounded-Thin.otf */; };
		025C11462505836500A1E130 /* SF-Pro-Text-MediumItalic.otf in Resources */ = {isa = PBXBuildFile; fileRef = 025C11382505836400A1E130 /* SF-Pro-Text-MediumItalic.otf */; };
		025C11472505836500A1E130 /* SF-Pro-Rounded-Semibold.otf in Resources */ = {isa = PBXBuildFile; fileRef = 025C11392505836400A1E130 /* SF-Pro-Rounded-Semibold.otf */; };
		025C11482505836500A1E130 /* SF-Pro-Rounded-Ultralight.otf in Resources */ = {isa = PBXBuildFile; fileRef = 025C113A2505836500A1E130 /* SF-Pro-Rounded-Ultralight.otf */; };
		025C11492505836500A1E130 /* SF-Pro-Text-ThinItalic.otf in Resources */ = {isa = PBXBuildFile; fileRef = 025C113B2505836500A1E130 /* SF-Pro-Text-ThinItalic.otf */; };
		025C114A2505836500A1E130 /* SF-Pro-Rounded-Light.otf in Resources */ = {isa = PBXBuildFile; fileRef = 025C113C2505836500A1E130 /* SF-Pro-Rounded-Light.otf */; };
		025DDE60254D9095000F561B /* FollowApi.swift in Sources */ = {isa = PBXBuildFile; fileRef = 025DDE5F254D9095000F561B /* FollowApi.swift */; };
		025DDE64254D90C0000F561B /* FeedApi.swift in Sources */ = {isa = PBXBuildFile; fileRef = 025DDE63254D90C0000F561B /* FeedApi.swift */; };
		0266B7172529BBFE0058BE7E /* MealPostModel.swift in Sources */ = {isa = PBXBuildFile; fileRef = 0266B7162529BBFE0058BE7E /* MealPostModel.swift */; };
		0266B71E2529BF2A0058BE7E /* RestaurantPostApi.swift in Sources */ = {isa = PBXBuildFile; fileRef = 0266B71D2529BF2A0058BE7E /* RestaurantPostApi.swift */; };
		0266B7212529BF750058BE7E /* MyRestaurantPostsApi.swift in Sources */ = {isa = PBXBuildFile; fileRef = 0266B7202529BF750058BE7E /* MyRestaurantPostsApi.swift */; };
		0266B7242529BF960058BE7E /* HelperServiceRestaurant.swift in Sources */ = {isa = PBXBuildFile; fileRef = 0266B7232529BF960058BE7E /* HelperServiceRestaurant.swift */; };
		0266B7272529EB570058BE7E /* UserPostModel.swift in Sources */ = {isa = PBXBuildFile; fileRef = 0266B7262529EB570058BE7E /* UserPostModel.swift */; };
		0266B72A2529EB800058BE7E /* UserPostApi.swift in Sources */ = {isa = PBXBuildFile; fileRef = 0266B7292529EB800058BE7E /* UserPostApi.swift */; };
		0266B72D2529EB9C0058BE7E /* MyUserPostsApi.swift in Sources */ = {isa = PBXBuildFile; fileRef = 0266B72C2529EB9C0058BE7E /* MyUserPostsApi.swift */; };
		0266B7302529EDCB0058BE7E /* HelperServiceUser.swift in Sources */ = {isa = PBXBuildFile; fileRef = 0266B72F2529EDCB0058BE7E /* HelperServiceUser.swift */; };
		02697BFD254BC8900099A960 /* ProfileViewController.swift in Sources */ = {isa = PBXBuildFile; fileRef = 02697BFC254BC8900099A960 /* ProfileViewController.swift */; };
		02697C18254BF4A10099A960 /* UserProfileViewController.swift in Sources */ = {isa = PBXBuildFile; fileRef = 02697C17254BF4A10099A960 /* UserProfileViewController.swift */; };
		027510EB2503D1B800BF7987 /* AppDelegate.swift in Sources */ = {isa = PBXBuildFile; fileRef = 027510EA2503D1B800BF7987 /* AppDelegate.swift */; };
		027510ED2503D1B800BF7987 /* SceneDelegate.swift in Sources */ = {isa = PBXBuildFile; fileRef = 027510EC2503D1B800BF7987 /* SceneDelegate.swift */; };
		027510EF2503D1B800BF7987 /* ViewController.swift in Sources */ = {isa = PBXBuildFile; fileRef = 027510EE2503D1B800BF7987 /* ViewController.swift */; };
		027510F22503D1B800BF7987 /* Main.storyboard in Resources */ = {isa = PBXBuildFile; fileRef = 027510F02503D1B800BF7987 /* Main.storyboard */; };
		027510F42503D1CC00BF7987 /* Assets.xcassets in Resources */ = {isa = PBXBuildFile; fileRef = 027510F32503D1CC00BF7987 /* Assets.xcassets */; };
		027510F72503D1CC00BF7987 /* LaunchScreen.storyboard in Resources */ = {isa = PBXBuildFile; fileRef = 027510F52503D1CC00BF7987 /* LaunchScreen.storyboard */; };
		027510FF2503E25000BF7987 /* Extensions.swift in Sources */ = {isa = PBXBuildFile; fileRef = 027510FE2503E24F00BF7987 /* Extensions.swift */; };
		029F0BD32533864900C6C567 /* PhotoCollectionViewCell.swift in Sources */ = {isa = PBXBuildFile; fileRef = 029F0BD12533864900C6C567 /* PhotoCollectionViewCell.swift */; };
		029F0BD42533864900C6C567 /* PhotoCollectionViewCell.xib in Resources */ = {isa = PBXBuildFile; fileRef = 029F0BD22533864900C6C567 /* PhotoCollectionViewCell.xib */; };
		02A15A0B2508DA07001B5FAD /* LoginViewController.swift in Sources */ = {isa = PBXBuildFile; fileRef = 02A15A0A2508DA07001B5FAD /* LoginViewController.swift */; };
		02A15A0D2508DA31001B5FAD /* SelectSignupViewController.swift in Sources */ = {isa = PBXBuildFile; fileRef = 02A15A0C2508DA31001B5FAD /* SelectSignupViewController.swift */; };
		02B6067C2531A894009987CF /* SponsorViewController.swift in Sources */ = {isa = PBXBuildFile; fileRef = 02B6067B2531A894009987CF /* SponsorViewController.swift */; };
		02B6068325320ABD009987CF /* RestaurantCollectionViewCell.swift in Sources */ = {isa = PBXBuildFile; fileRef = 02B6068125320ABD009987CF /* RestaurantCollectionViewCell.swift */; };
		02B6068425320ABD009987CF /* RestaurantCollectionViewCell.xib in Resources */ = {isa = PBXBuildFile; fileRef = 02B6068225320ABD009987CF /* RestaurantCollectionViewCell.xib */; };
		02C08899254FF85400C7FB5A /* DiscoverRestaurantsViewController.swift in Sources */ = {isa = PBXBuildFile; fileRef = 02C08898254FF85400C7FB5A /* DiscoverRestaurantsViewController.swift */; };
		02C0889C254FF87000C7FB5A /* DiscoverPeopleViewController.swift in Sources */ = {isa = PBXBuildFile; fileRef = 02C0889B254FF87000C7FB5A /* DiscoverPeopleViewController.swift */; };
		02C0889F254FFBF600C7FB5A /* PeopleTableViewCell.swift in Sources */ = {isa = PBXBuildFile; fileRef = 02C0889E254FFBF600C7FB5A /* PeopleTableViewCell.swift */; };
		02E7754F256DC5DB000B9928 /* SearchBarView.swift in Sources */ = {isa = PBXBuildFile; fileRef = 02E7754E256DC5DB000B9928 /* SearchBarView.swift */; };
		02FA637C250D63ED00703E29 /* ExploreRestaurantViewController.swift in Sources */ = {isa = PBXBuildFile; fileRef = 02FA637B250D63ED00703E29 /* ExploreRestaurantViewController.swift */; };
/* End PBXBuildFile section */

/* Begin PBXFileReference section */
		021210CC2509C1DA0062DB29 /* RestaurantSignupViewController.swift */ = {isa = PBXFileReference; lastKnownFileType = sourcecode.swift; path = RestaurantSignupViewController.swift; sourceTree = "<group>"; };
		021210CE2509C2710062DB29 /* UserSignupViewController.swift */ = {isa = PBXFileReference; lastKnownFileType = sourcecode.swift; path = UserSignupViewController.swift; sourceTree = "<group>"; };
		021DB03625512EA600F7739C /* HomeTableViewCell.swift */ = {isa = PBXFileReference; lastKnownFileType = sourcecode.swift; path = HomeTableViewCell.swift; sourceTree = "<group>"; };
		021DB0392551761E00F7739C /* RestaurantTableViewCell.swift */ = {isa = PBXFileReference; lastKnownFileType = sourcecode.swift; path = RestaurantTableViewCell.swift; sourceTree = "<group>"; };
		021DB0682551D5D700F7739C /* Photo2CollectionViewCell.swift */ = {isa = PBXFileReference; lastKnownFileType = sourcecode.swift; path = Photo2CollectionViewCell.swift; sourceTree = "<group>"; };
		021DB0692551D5D700F7739C /* Photo2CollectionViewCell.xib */ = {isa = PBXFileReference; lastKnownFileType = file.xib; path = Photo2CollectionViewCell.xib; sourceTree = "<group>"; };
		022EB023252875F300A71104 /* RestaurantPostViewController.swift */ = {isa = PBXFileReference; lastKnownFileType = sourcecode.swift; path = RestaurantPostViewController.swift; sourceTree = "<group>"; };
		022EB0262528761500A71104 /* UserPostViewController.swift */ = {isa = PBXFileReference; lastKnownFileType = sourcecode.swift; path = UserPostViewController.swift; sourceTree = "<group>"; };
		0237701B2525FC9300CC3F32 /* FeedViewController.swift */ = {isa = PBXFileReference; lastKnownFileType = sourcecode.swift; path = FeedViewController.swift; sourceTree = "<group>"; };
		0237701E2525FCE300CC3F32 /* PostViewController.swift */ = {isa = PBXFileReference; lastKnownFileType = sourcecode.swift; path = PostViewController.swift; sourceTree = "<group>"; };
		023770212525FD0400CC3F32 /* DiscoverViewController.swift */ = {isa = PBXFileReference; lastKnownFileType = sourcecode.swift; path = DiscoverViewController.swift; sourceTree = "<group>"; };
		023770242525FD2500CC3F32 /* RestaurantProfileViewController.swift */ = {isa = PBXFileReference; lastKnownFileType = sourcecode.swift; path = RestaurantProfileViewController.swift; sourceTree = "<group>"; };
		0259A08F2509E0CC00C567A6 /* GoogleService-Info.plist */ = {isa = PBXFileReference; fileEncoding = 4; lastKnownFileType = text.plist.xml; path = "GoogleService-Info.plist"; sourceTree = "<group>"; };
		0259A0922509E2B900C567A6 /* AppUser.swift */ = {isa = PBXFileReference; fileEncoding = 4; lastKnownFileType = sourcecode.swift; path = AppUser.swift; sourceTree = "<group>"; };
		0259A0942509E44100C567A6 /* UserApi.swift */ = {isa = PBXFileReference; fileEncoding = 4; lastKnownFileType = sourcecode.swift; path = UserApi.swift; sourceTree = "<group>"; };
		0259A0962509E50200C567A6 /* Api.swift */ = {isa = PBXFileReference; fileEncoding = 4; lastKnownFileType = sourcecode.swift; path = Api.swift; sourceTree = "<group>"; };
		0259A0982509E5A900C567A6 /* AuthService.swift */ = {isa = PBXFileReference; fileEncoding = 4; lastKnownFileType = sourcecode.swift; path = AuthService.swift; sourceTree = "<group>"; };
		0259DF6E25673A6400E142AC /* DescriptionViewController.swift */ = {isa = PBXFileReference; lastKnownFileType = sourcecode.swift; path = DescriptionViewController.swift; sourceTree = "<group>"; };
		025C112F2505836300A1E130 /* SF-Pro-Rounded-Regular.otf */ = {isa = PBXFileReference; lastKnownFileType = file; path = "SF-Pro-Rounded-Regular.otf"; sourceTree = "<group>"; };
		025C11302505836300A1E130 /* SF-Pro-Rounded-Bold.otf */ = {isa = PBXFileReference; lastKnownFileType = file; path = "SF-Pro-Rounded-Bold.otf"; sourceTree = "<group>"; };
		025C11312505836300A1E130 /* SF-Pro-Text-LightItalic.otf */ = {isa = PBXFileReference; lastKnownFileType = file; path = "SF-Pro-Text-LightItalic.otf"; sourceTree = "<group>"; };
		025C11322505836300A1E130 /* SF-Pro-Text-RegularItalic.otf */ = {isa = PBXFileReference; lastKnownFileType = file; path = "SF-Pro-Text-RegularItalic.otf"; sourceTree = "<group>"; };
		025C11332505836300A1E130 /* SF-Pro-Text-SemiboldItalic.otf */ = {isa = PBXFileReference; lastKnownFileType = file; path = "SF-Pro-Text-SemiboldItalic.otf"; sourceTree = "<group>"; };
		025C11342505836400A1E130 /* SF-Pro-Rounded-Medium.otf */ = {isa = PBXFileReference; lastKnownFileType = file; path = "SF-Pro-Rounded-Medium.otf"; sourceTree = "<group>"; };
		025C11352505836400A1E130 /* SF-Pro-Rounded-Heavy.otf */ = {isa = PBXFileReference; lastKnownFileType = file; path = "SF-Pro-Rounded-Heavy.otf"; sourceTree = "<group>"; };
		025C11362505836400A1E130 /* SF-Pro-Rounded-Black.otf */ = {isa = PBXFileReference; lastKnownFileType = file; path = "SF-Pro-Rounded-Black.otf"; sourceTree = "<group>"; };
		025C11372505836400A1E130 /* SF-Pro-Rounded-Thin.otf */ = {isa = PBXFileReference; lastKnownFileType = file; path = "SF-Pro-Rounded-Thin.otf"; sourceTree = "<group>"; };
		025C11382505836400A1E130 /* SF-Pro-Text-MediumItalic.otf */ = {isa = PBXFileReference; lastKnownFileType = file; path = "SF-Pro-Text-MediumItalic.otf"; sourceTree = "<group>"; };
		025C11392505836400A1E130 /* SF-Pro-Rounded-Semibold.otf */ = {isa = PBXFileReference; lastKnownFileType = file; path = "SF-Pro-Rounded-Semibold.otf"; sourceTree = "<group>"; };
		025C113A2505836500A1E130 /* SF-Pro-Rounded-Ultralight.otf */ = {isa = PBXFileReference; lastKnownFileType = file; path = "SF-Pro-Rounded-Ultralight.otf"; sourceTree = "<group>"; };
		025C113B2505836500A1E130 /* SF-Pro-Text-ThinItalic.otf */ = {isa = PBXFileReference; lastKnownFileType = file; path = "SF-Pro-Text-ThinItalic.otf"; sourceTree = "<group>"; };
		025C113C2505836500A1E130 /* SF-Pro-Rounded-Light.otf */ = {isa = PBXFileReference; lastKnownFileType = file; path = "SF-Pro-Rounded-Light.otf"; sourceTree = "<group>"; };
		025DDE5F254D9095000F561B /* FollowApi.swift */ = {isa = PBXFileReference; lastKnownFileType = sourcecode.swift; path = FollowApi.swift; sourceTree = "<group>"; };
		025DDE63254D90C0000F561B /* FeedApi.swift */ = {isa = PBXFileReference; lastKnownFileType = sourcecode.swift; path = FeedApi.swift; sourceTree = "<group>"; };
		0266B7162529BBFE0058BE7E /* MealPostModel.swift */ = {isa = PBXFileReference; lastKnownFileType = sourcecode.swift; path = MealPostModel.swift; sourceTree = "<group>"; };
		0266B71D2529BF2A0058BE7E /* RestaurantPostApi.swift */ = {isa = PBXFileReference; lastKnownFileType = sourcecode.swift; path = RestaurantPostApi.swift; sourceTree = "<group>"; };
		0266B7202529BF750058BE7E /* MyRestaurantPostsApi.swift */ = {isa = PBXFileReference; lastKnownFileType = sourcecode.swift; path = MyRestaurantPostsApi.swift; sourceTree = "<group>"; };
		0266B7232529BF960058BE7E /* HelperServiceRestaurant.swift */ = {isa = PBXFileReference; lastKnownFileType = sourcecode.swift; path = HelperServiceRestaurant.swift; sourceTree = "<group>"; };
		0266B7262529EB570058BE7E /* UserPostModel.swift */ = {isa = PBXFileReference; lastKnownFileType = sourcecode.swift; path = UserPostModel.swift; sourceTree = "<group>"; };
		0266B7292529EB800058BE7E /* UserPostApi.swift */ = {isa = PBXFileReference; lastKnownFileType = sourcecode.swift; path = UserPostApi.swift; sourceTree = "<group>"; };
		0266B72C2529EB9C0058BE7E /* MyUserPostsApi.swift */ = {isa = PBXFileReference; lastKnownFileType = sourcecode.swift; path = MyUserPostsApi.swift; sourceTree = "<group>"; };
		0266B72F2529EDCB0058BE7E /* HelperServiceUser.swift */ = {isa = PBXFileReference; lastKnownFileType = sourcecode.swift; path = HelperServiceUser.swift; sourceTree = "<group>"; };
		02697BFC254BC8900099A960 /* ProfileViewController.swift */ = {isa = PBXFileReference; lastKnownFileType = sourcecode.swift; path = ProfileViewController.swift; sourceTree = "<group>"; };
		02697C17254BF4A10099A960 /* UserProfileViewController.swift */ = {isa = PBXFileReference; lastKnownFileType = sourcecode.swift; path = UserProfileViewController.swift; sourceTree = "<group>"; };
		027510E72503D1B800BF7987 /* Snapfood.app */ = {isa = PBXFileReference; explicitFileType = wrapper.application; includeInIndex = 0; path = Snapfood.app; sourceTree = BUILT_PRODUCTS_DIR; };
		027510EA2503D1B800BF7987 /* AppDelegate.swift */ = {isa = PBXFileReference; lastKnownFileType = sourcecode.swift; path = AppDelegate.swift; sourceTree = "<group>"; };
		027510EC2503D1B800BF7987 /* SceneDelegate.swift */ = {isa = PBXFileReference; lastKnownFileType = sourcecode.swift; path = SceneDelegate.swift; sourceTree = "<group>"; };
		027510EE2503D1B800BF7987 /* ViewController.swift */ = {isa = PBXFileReference; lastKnownFileType = sourcecode.swift; path = ViewController.swift; sourceTree = "<group>"; };
		027510F12503D1B800BF7987 /* Base */ = {isa = PBXFileReference; lastKnownFileType = file.storyboard; name = Base; path = Base.lproj/Main.storyboard; sourceTree = "<group>"; };
		027510F32503D1CC00BF7987 /* Assets.xcassets */ = {isa = PBXFileReference; lastKnownFileType = folder.assetcatalog; path = Assets.xcassets; sourceTree = "<group>"; };
		027510F62503D1CC00BF7987 /* Base */ = {isa = PBXFileReference; lastKnownFileType = file.storyboard; name = Base; path = Base.lproj/LaunchScreen.storyboard; sourceTree = "<group>"; };
		027510F82503D1CC00BF7987 /* Info.plist */ = {isa = PBXFileReference; lastKnownFileType = text.plist.xml; path = Info.plist; sourceTree = "<group>"; };
		027510FE2503E24F00BF7987 /* Extensions.swift */ = {isa = PBXFileReference; fileEncoding = 4; lastKnownFileType = sourcecode.swift; path = Extensions.swift; sourceTree = "<group>"; };
		029F0BD12533864900C6C567 /* PhotoCollectionViewCell.swift */ = {isa = PBXFileReference; lastKnownFileType = sourcecode.swift; path = PhotoCollectionViewCell.swift; sourceTree = "<group>"; };
		029F0BD22533864900C6C567 /* PhotoCollectionViewCell.xib */ = {isa = PBXFileReference; lastKnownFileType = file.xib; path = PhotoCollectionViewCell.xib; sourceTree = "<group>"; };
		02A15A0A2508DA07001B5FAD /* LoginViewController.swift */ = {isa = PBXFileReference; lastKnownFileType = sourcecode.swift; path = LoginViewController.swift; sourceTree = "<group>"; };
		02A15A0C2508DA31001B5FAD /* SelectSignupViewController.swift */ = {isa = PBXFileReference; lastKnownFileType = sourcecode.swift; path = SelectSignupViewController.swift; sourceTree = "<group>"; };
		02B6067B2531A894009987CF /* SponsorViewController.swift */ = {isa = PBXFileReference; lastKnownFileType = sourcecode.swift; path = SponsorViewController.swift; sourceTree = "<group>"; };
		02B6068125320ABD009987CF /* RestaurantCollectionViewCell.swift */ = {isa = PBXFileReference; lastKnownFileType = sourcecode.swift; path = RestaurantCollectionViewCell.swift; sourceTree = "<group>"; };
		02B6068225320ABD009987CF /* RestaurantCollectionViewCell.xib */ = {isa = PBXFileReference; lastKnownFileType = file.xib; path = RestaurantCollectionViewCell.xib; sourceTree = "<group>"; };
		02C08898254FF85400C7FB5A /* DiscoverRestaurantsViewController.swift */ = {isa = PBXFileReference; lastKnownFileType = sourcecode.swift; path = DiscoverRestaurantsViewController.swift; sourceTree = "<group>"; };
		02C0889B254FF87000C7FB5A /* DiscoverPeopleViewController.swift */ = {isa = PBXFileReference; lastKnownFileType = sourcecode.swift; path = DiscoverPeopleViewController.swift; sourceTree = "<group>"; };
		02C0889E254FFBF600C7FB5A /* PeopleTableViewCell.swift */ = {isa = PBXFileReference; lastKnownFileType = sourcecode.swift; path = PeopleTableViewCell.swift; sourceTree = "<group>"; };
		02E7754E256DC5DB000B9928 /* SearchBarView.swift */ = {isa = PBXFileReference; lastKnownFileType = sourcecode.swift; path = SearchBarView.swift; sourceTree = "<group>"; };
		02FA637B250D63ED00703E29 /* ExploreRestaurantViewController.swift */ = {isa = PBXFileReference; lastKnownFileType = sourcecode.swift; path = ExploreRestaurantViewController.swift; sourceTree = "<group>"; };
		0568DE127CA574181615345D /* Pods-Snapfood.release.xcconfig */ = {isa = PBXFileReference; includeInIndex = 1; lastKnownFileType = text.xcconfig; name = "Pods-Snapfood.release.xcconfig"; path = "Target Support Files/Pods-Snapfood/Pods-Snapfood.release.xcconfig"; sourceTree = "<group>"; };
		7BCFAB7B393D3DA1D527E783 /* Pods_Snapfood.framework */ = {isa = PBXFileReference; explicitFileType = wrapper.framework; includeInIndex = 0; path = Pods_Snapfood.framework; sourceTree = BUILT_PRODUCTS_DIR; };
		A68CA803AFED627A62142BF2 /* Pods-Snapfood.debug.xcconfig */ = {isa = PBXFileReference; includeInIndex = 1; lastKnownFileType = text.xcconfig; name = "Pods-Snapfood.debug.xcconfig"; path = "Target Support Files/Pods-Snapfood/Pods-Snapfood.debug.xcconfig"; sourceTree = "<group>"; };
/* End PBXFileReference section */

/* Begin PBXFrameworksBuildPhase section */
		027510E42503D1B800BF7987 /* Frameworks */ = {
			isa = PBXFrameworksBuildPhase;
			buildActionMask = 2147483647;
			files = (
				021DB03D255185F100F7739C /* Pods_Snapfood.framework in Frameworks */,
			);
			runOnlyForDeploymentPostprocessing = 0;
		};
/* End PBXFrameworksBuildPhase section */

/* Begin PBXGroup section */
		0259A0912509E1D500C567A6 /* Initial */ = {
			isa = PBXGroup;
			children = (
				027510EE2503D1B800BF7987 /* ViewController.swift */,
				0259DF6E25673A6400E142AC /* DescriptionViewController.swift */,
				02A15A0A2508DA07001B5FAD /* LoginViewController.swift */,
				02A15A0C2508DA31001B5FAD /* SelectSignupViewController.swift */,
				021210CC2509C1DA0062DB29 /* RestaurantSignupViewController.swift */,
				021210CE2509C2710062DB29 /* UserSignupViewController.swift */,
				0259A0962509E50200C567A6 /* Api.swift */,
				0259A0922509E2B900C567A6 /* AppUser.swift */,
				0259A0942509E44100C567A6 /* UserApi.swift */,
				0259A0982509E5A900C567A6 /* AuthService.swift */,
			);
			path = Initial;
			sourceTree = "<group>";
		};
		025C112E2505833500A1E130 /* Fonts */ = {
			isa = PBXGroup;
			children = (
				025C11362505836400A1E130 /* SF-Pro-Rounded-Black.otf */,
				025C11302505836300A1E130 /* SF-Pro-Rounded-Bold.otf */,
				025C11352505836400A1E130 /* SF-Pro-Rounded-Heavy.otf */,
				025C113C2505836500A1E130 /* SF-Pro-Rounded-Light.otf */,
				025C11342505836400A1E130 /* SF-Pro-Rounded-Medium.otf */,
				025C112F2505836300A1E130 /* SF-Pro-Rounded-Regular.otf */,
				025C11392505836400A1E130 /* SF-Pro-Rounded-Semibold.otf */,
				025C11372505836400A1E130 /* SF-Pro-Rounded-Thin.otf */,
				025C113A2505836500A1E130 /* SF-Pro-Rounded-Ultralight.otf */,
				025C11312505836300A1E130 /* SF-Pro-Text-LightItalic.otf */,
				025C11382505836400A1E130 /* SF-Pro-Text-MediumItalic.otf */,
				025C11322505836300A1E130 /* SF-Pro-Text-RegularItalic.otf */,
				025C11332505836300A1E130 /* SF-Pro-Text-SemiboldItalic.otf */,
				025C113B2505836500A1E130 /* SF-Pro-Text-ThinItalic.otf */,
			);
			path = Fonts;
			sourceTree = "<group>";
		};
		0266B7152529BB580058BE7E /* Post-Restaurant */ = {
			isa = PBXGroup;
			children = (
				022EB023252875F300A71104 /* RestaurantPostViewController.swift */,
				0266B7162529BBFE0058BE7E /* MealPostModel.swift */,
				0266B71D2529BF2A0058BE7E /* RestaurantPostApi.swift */,
				0266B7202529BF750058BE7E /* MyRestaurantPostsApi.swift */,
				0266B7232529BF960058BE7E /* HelperServiceRestaurant.swift */,
				02B6067B2531A894009987CF /* SponsorViewController.swift */,
			);
			path = "Post-Restaurant";
			sourceTree = "<group>";
		};
		0266B71B2529BDE90058BE7E /* Post-User */ = {
			isa = PBXGroup;
			children = (
				022EB0262528761500A71104 /* UserPostViewController.swift */,
				0266B7262529EB570058BE7E /* UserPostModel.swift */,
				0266B7292529EB800058BE7E /* UserPostApi.swift */,
				0266B72C2529EB9C0058BE7E /* MyUserPostsApi.swift */,
				0266B72F2529EDCB0058BE7E /* HelperServiceUser.swift */,
				025DDE5F254D9095000F561B /* FollowApi.swift */,
				025DDE63254D90C0000F561B /* FeedApi.swift */,
			);
			path = "Post-User";
			sourceTree = "<group>";
		};
		02697C15254BF40E0099A960 /* Profile-User */ = {
			isa = PBXGroup;
			children = (
				02697C17254BF4A10099A960 /* UserProfileViewController.swift */,
				021DB0692551D5D700F7739C /* Photo2CollectionViewCell.xib */,
				021DB0682551D5D700F7739C /* Photo2CollectionViewCell.swift */,
			);
			path = "Profile-User";
			sourceTree = "<group>";
		};
		02697C16254BF4320099A960 /* Explore-User */ = {
			isa = PBXGroup;
			children = (
				0237701B2525FC9300CC3F32 /* FeedViewController.swift */,
				021DB03625512EA600F7739C /* HomeTableViewCell.swift */,
			);
			path = "Explore-User";
			sourceTree = "<group>";
		};
		027510DE2503D1B800BF7987 = {
			isa = PBXGroup;
			children = (
				025C112E2505833500A1E130 /* Fonts */,
				027510E92503D1B800BF7987 /* Snapfood */,
				0259A0912509E1D500C567A6 /* Initial */,
				02FA637A250D63A200703E29 /* Segments */,
				0266B7152529BB580058BE7E /* Post-Restaurant */,
				02B6067E2531EA50009987CF /* Explore-Restaurant */,
				029F0BA42533595000C6C567 /* Profile-Restaurant */,
				02C08895254FF76400C7FB5A /* Discover-Restaurants */,
				0266B71B2529BDE90058BE7E /* Post-User */,
				02697C16254BF4320099A960 /* Explore-User */,
				02697C15254BF40E0099A960 /* Profile-User */,
				02C08896254FF77200C7FB5A /* Discover-People */,
				027510E82503D1B800BF7987 /* Products */,
				31A2D91CB99F3D3085B6B20A /* Pods */,
				DA21E98B7D56C7C6A2D74B98 /* Frameworks */,
			);
			sourceTree = "<group>";
		};
		027510E82503D1B800BF7987 /* Products */ = {
			isa = PBXGroup;
			children = (
				027510E72503D1B800BF7987 /* Snapfood.app */,
			);
			name = Products;
			sourceTree = "<group>";
		};
		027510E92503D1B800BF7987 /* Snapfood */ = {
			isa = PBXGroup;
			children = (
				027510EA2503D1B800BF7987 /* AppDelegate.swift */,
				027510EC2503D1B800BF7987 /* SceneDelegate.swift */,
				027510F32503D1CC00BF7987 /* Assets.xcassets */,
				027510F52503D1CC00BF7987 /* LaunchScreen.storyboard */,
				027510F02503D1B800BF7987 /* Main.storyboard */,
				027510FE2503E24F00BF7987 /* Extensions.swift */,
				027510F82503D1CC00BF7987 /* Info.plist */,
				0259A08F2509E0CC00C567A6 /* GoogleService-Info.plist */,
			);
			path = Snapfood;
			sourceTree = "<group>";
		};
		029F0BA42533595000C6C567 /* Profile-Restaurant */ = {
			isa = PBXGroup;
			children = (
				023770242525FD2500CC3F32 /* RestaurantProfileViewController.swift */,
				029F0BD22533864900C6C567 /* PhotoCollectionViewCell.xib */,
				029F0BD12533864900C6C567 /* PhotoCollectionViewCell.swift */,
			);
			path = "Profile-Restaurant";
			sourceTree = "<group>";
		};
		02B6067E2531EA50009987CF /* Explore-Restaurant */ = {
			isa = PBXGroup;
			children = (
				02FA637B250D63ED00703E29 /* ExploreRestaurantViewController.swift */,
				02E7754E256DC5DB000B9928 /* SearchBarView.swift */,
				02B6068225320ABD009987CF /* RestaurantCollectionViewCell.xib */,
				02B6068125320ABD009987CF /* RestaurantCollectionViewCell.swift */,
			);
			path = "Explore-Restaurant";
			sourceTree = "<group>";
		};
		02C08895254FF76400C7FB5A /* Discover-Restaurants */ = {
			isa = PBXGroup;
			children = (
				02C08898254FF85400C7FB5A /* DiscoverRestaurantsViewController.swift */,
				021DB0392551761E00F7739C /* RestaurantTableViewCell.swift */,
			);
			path = "Discover-Restaurants";
			sourceTree = "<group>";
		};
		02C08896254FF77200C7FB5A /* Discover-People */ = {
			isa = PBXGroup;
			children = (
				02C0889B254FF87000C7FB5A /* DiscoverPeopleViewController.swift */,
				02C0889E254FFBF600C7FB5A /* PeopleTableViewCell.swift */,
			);
			path = "Discover-People";
			sourceTree = "<group>";
		};
		02FA637A250D63A200703E29 /* Segments */ = {
			isa = PBXGroup;
			children = (
				0237701E2525FCE300CC3F32 /* PostViewController.swift */,
				023770212525FD0400CC3F32 /* DiscoverViewController.swift */,
				02697BFC254BC8900099A960 /* ProfileViewController.swift */,
			);
			path = Segments;
			sourceTree = "<group>";
		};
		31A2D91CB99F3D3085B6B20A /* Pods */ = {
			isa = PBXGroup;
			children = (
				A68CA803AFED627A62142BF2 /* Pods-Snapfood.debug.xcconfig */,
				0568DE127CA574181615345D /* Pods-Snapfood.release.xcconfig */,
			);
			path = Pods;
			sourceTree = "<group>";
		};
		DA21E98B7D56C7C6A2D74B98 /* Frameworks */ = {
			isa = PBXGroup;
			children = (
				7BCFAB7B393D3DA1D527E783 /* Pods_Snapfood.framework */,
			);
			name = Frameworks;
			sourceTree = "<group>";
		};
/* End PBXGroup section */

/* Begin PBXNativeTarget section */
		027510E62503D1B800BF7987 /* Snapfood */ = {
			isa = PBXNativeTarget;
			buildConfigurationList = 027510FB2503D1CD00BF7987 /* Build configuration list for PBXNativeTarget "Snapfood" */;
			buildPhases = (
				287785D4CF8E68D309EE8D73 /* [CP] Check Pods Manifest.lock */,
				027510E32503D1B800BF7987 /* Sources */,
				027510E42503D1B800BF7987 /* Frameworks */,
				027510E52503D1B800BF7987 /* Resources */,
				FB5362879E1C0D582C64270C /* [CP] Embed Pods Frameworks */,
			);
			buildRules = (
			);
			dependencies = (
			);
			name = Snapfood;
			productName = Snapfood;
			productReference = 027510E72503D1B800BF7987 /* Snapfood.app */;
			productType = "com.apple.product-type.application";
		};
/* End PBXNativeTarget section */

/* Begin PBXProject section */
		027510DF2503D1B800BF7987 /* Project object */ = {
			isa = PBXProject;
			attributes = {
				LastSwiftUpdateCheck = 1170;
				LastUpgradeCheck = 1200;
				ORGANIZATIONNAME = "Likhit Garimella";
				TargetAttributes = {
					027510E62503D1B800BF7987 = {
						CreatedOnToolsVersion = 11.7;
					};
				};
			};
			buildConfigurationList = 027510E22503D1B800BF7987 /* Build configuration list for PBXProject "Snapfood" */;
			compatibilityVersion = "Xcode 9.3";
			developmentRegion = en;
			hasScannedForEncodings = 0;
			knownRegions = (
				en,
				Base,
			);
			mainGroup = 027510DE2503D1B800BF7987;
			productRefGroup = 027510E82503D1B800BF7987 /* Products */;
			projectDirPath = "";
			projectRoot = "";
			targets = (
				027510E62503D1B800BF7987 /* Snapfood */,
			);
		};
/* End PBXProject section */

/* Begin PBXResourcesBuildPhase section */
		027510E52503D1B800BF7987 /* Resources */ = {
			isa = PBXResourcesBuildPhase;
			buildActionMask = 2147483647;
			files = (
				025C11492505836500A1E130 /* SF-Pro-Text-ThinItalic.otf in Resources */,
				029F0BD42533864900C6C567 /* PhotoCollectionViewCell.xib in Resources */,
				025C11422505836500A1E130 /* SF-Pro-Rounded-Medium.otf in Resources */,
				025C11462505836500A1E130 /* SF-Pro-Text-MediumItalic.otf in Resources */,
				025C11442505836500A1E130 /* SF-Pro-Rounded-Black.otf in Resources */,
				025C114A2505836500A1E130 /* SF-Pro-Rounded-Light.otf in Resources */,
				025C11482505836500A1E130 /* SF-Pro-Rounded-Ultralight.otf in Resources */,
				02B6068425320ABD009987CF /* RestaurantCollectionViewCell.xib in Resources */,
				021DB06B2551D5D700F7739C /* Photo2CollectionViewCell.xib in Resources */,
				025C11412505836500A1E130 /* SF-Pro-Text-SemiboldItalic.otf in Resources */,
				025C11452505836500A1E130 /* SF-Pro-Rounded-Thin.otf in Resources */,
				025C11472505836500A1E130 /* SF-Pro-Rounded-Semibold.otf in Resources */,
				027510F72503D1CC00BF7987 /* LaunchScreen.storyboard in Resources */,
				025C113D2505836500A1E130 /* SF-Pro-Rounded-Regular.otf in Resources */,
				0259A0902509E0CC00C567A6 /* GoogleService-Info.plist in Resources */,
				027510F42503D1CC00BF7987 /* Assets.xcassets in Resources */,
				027510F22503D1B800BF7987 /* Main.storyboard in Resources */,
				025C11432505836500A1E130 /* SF-Pro-Rounded-Heavy.otf in Resources */,
				025C11402505836500A1E130 /* SF-Pro-Text-RegularItalic.otf in Resources */,
				025C113F2505836500A1E130 /* SF-Pro-Text-LightItalic.otf in Resources */,
				025C113E2505836500A1E130 /* SF-Pro-Rounded-Bold.otf in Resources */,
			);
			runOnlyForDeploymentPostprocessing = 0;
		};
/* End PBXResourcesBuildPhase section */

/* Begin PBXShellScriptBuildPhase section */
		287785D4CF8E68D309EE8D73 /* [CP] Check Pods Manifest.lock */ = {
			isa = PBXShellScriptBuildPhase;
			buildActionMask = 2147483647;
			files = (
			);
			inputFileListPaths = (
			);
			inputPaths = (
				"${PODS_PODFILE_DIR_PATH}/Podfile.lock",
				"${PODS_ROOT}/Manifest.lock",
			);
			name = "[CP] Check Pods Manifest.lock";
			outputFileListPaths = (
			);
			outputPaths = (
				"$(DERIVED_FILE_DIR)/Pods-Snapfood-checkManifestLockResult.txt",
			);
			runOnlyForDeploymentPostprocessing = 0;
			shellPath = /bin/sh;
			shellScript = "diff \"${PODS_PODFILE_DIR_PATH}/Podfile.lock\" \"${PODS_ROOT}/Manifest.lock\" > /dev/null\nif [ $? != 0 ] ; then\n    # print error to STDERR\n    echo \"error: The sandbox is not in sync with the Podfile.lock. Run 'pod install' or update your CocoaPods installation.\" >&2\n    exit 1\nfi\n# This output is used by Xcode 'outputs' to avoid re-running this script phase.\necho \"SUCCESS\" > \"${SCRIPT_OUTPUT_FILE_0}\"\n";
			showEnvVarsInLog = 0;
		};
		FB5362879E1C0D582C64270C /* [CP] Embed Pods Frameworks */ = {
			isa = PBXShellScriptBuildPhase;
			buildActionMask = 2147483647;
			files = (
			);
			inputFileListPaths = (
				"${PODS_ROOT}/Target Support Files/Pods-Snapfood/Pods-Snapfood-frameworks-${CONFIGURATION}-input-files.xcfilelist",
			);
			name = "[CP] Embed Pods Frameworks";
			outputFileListPaths = (
				"${PODS_ROOT}/Target Support Files/Pods-Snapfood/Pods-Snapfood-frameworks-${CONFIGURATION}-output-files.xcfilelist",
			);
			runOnlyForDeploymentPostprocessing = 0;
			shellPath = /bin/sh;
			shellScript = "\"${PODS_ROOT}/Target Support Files/Pods-Snapfood/Pods-Snapfood-frameworks.sh\"\n";
			showEnvVarsInLog = 0;
		};
/* End PBXShellScriptBuildPhase section */

/* Begin PBXSourcesBuildPhase section */
		027510E32503D1B800BF7987 /* Sources */ = {
			isa = PBXSourcesBuildPhase;
			buildActionMask = 2147483647;
			files = (
				02A15A0D2508DA31001B5FAD /* SelectSignupViewController.swift in Sources */,
				0259A0952509E44100C567A6 /* UserApi.swift in Sources */,
				02C0889F254FFBF600C7FB5A /* PeopleTableViewCell.swift in Sources */,
				0259A0932509E2B900C567A6 /* AppUser.swift in Sources */,
				021DB06A2551D5D700F7739C /* Photo2CollectionViewCell.swift in Sources */,
				0259A0992509E5AA00C567A6 /* AuthService.swift in Sources */,
				027510EF2503D1B800BF7987 /* ViewController.swift in Sources */,
				021DB03725512EA600F7739C /* HomeTableViewCell.swift in Sources */,
				0266B72D2529EB9C0058BE7E /* MyUserPostsApi.swift in Sources */,
				025DDE64254D90C0000F561B /* FeedApi.swift in Sources */,
				027510EB2503D1B800BF7987 /* AppDelegate.swift in Sources */,
				0259A0972509E50200C567A6 /* Api.swift in Sources */,
				02C08899254FF85400C7FB5A /* DiscoverRestaurantsViewController.swift in Sources */,
				023770252525FD2500CC3F32 /* RestaurantProfileViewController.swift in Sources */,
				02697C18254BF4A10099A960 /* UserProfileViewController.swift in Sources */,
				02B6067C2531A894009987CF /* SponsorViewController.swift in Sources */,
				027510ED2503D1B800BF7987 /* SceneDelegate.swift in Sources */,
				022EB024252875F300A71104 /* RestaurantPostViewController.swift in Sources */,
				02697BFD254BC8900099A960 /* ProfileViewController.swift in Sources */,
				0237701C2525FC9300CC3F32 /* FeedViewController.swift in Sources */,
				0266B71E2529BF2A0058BE7E /* RestaurantPostApi.swift in Sources */,
				0266B7272529EB570058BE7E /* UserPostModel.swift in Sources */,
				025DDE60254D9095000F561B /* FollowApi.swift in Sources */,
				0259DF6F25673A6400E142AC /* DescriptionViewController.swift in Sources */,
				0266B7242529BF960058BE7E /* HelperServiceRestaurant.swift in Sources */,
				0237701F2525FCE300CC3F32 /* PostViewController.swift in Sources */,
				023770222525FD0400CC3F32 /* DiscoverViewController.swift in Sources */,
				021210CD2509C1DA0062DB29 /* RestaurantSignupViewController.swift in Sources */,
				02C0889C254FF87000C7FB5A /* DiscoverPeopleViewController.swift in Sources */,
				0266B7212529BF750058BE7E /* MyRestaurantPostsApi.swift in Sources */,
				0266B7172529BBFE0058BE7E /* MealPostModel.swift in Sources */,
				029F0BD32533864900C6C567 /* PhotoCollectionViewCell.swift in Sources */,
				0266B7302529EDCB0058BE7E /* HelperServiceUser.swift in Sources */,
				021210CF2509C2710062DB29 /* UserSignupViewController.swift in Sources */,
				02B6068325320ABD009987CF /* RestaurantCollectionViewCell.swift in Sources */,
				022EB0272528761500A71104 /* UserPostViewController.swift in Sources */,
				02FA637C250D63ED00703E29 /* ExploreRestaurantViewController.swift in Sources */,
				02A15A0B2508DA07001B5FAD /* LoginViewController.swift in Sources */,
				02E7754F256DC5DB000B9928 /* SearchBarView.swift in Sources */,
				027510FF2503E25000BF7987 /* Extensions.swift in Sources */,
				021DB03A2551761E00F7739C /* RestaurantTableViewCell.swift in Sources */,
				0266B72A2529EB800058BE7E /* UserPostApi.swift in Sources */,
			);
			runOnlyForDeploymentPostprocessing = 0;
		};
/* End PBXSourcesBuildPhase section */

/* Begin PBXVariantGroup section */
		027510F02503D1B800BF7987 /* Main.storyboard */ = {
			isa = PBXVariantGroup;
			children = (
				027510F12503D1B800BF7987 /* Base */,
			);
			name = Main.storyboard;
			sourceTree = "<group>";
		};
		027510F52503D1CC00BF7987 /* LaunchScreen.storyboard */ = {
			isa = PBXVariantGroup;
			children = (
				027510F62503D1CC00BF7987 /* Base */,
			);
			name = LaunchScreen.storyboard;
			sourceTree = "<group>";
		};
/* End PBXVariantGroup section */

/* Begin XCBuildConfiguration section */
		027510F92503D1CC00BF7987 /* Debug */ = {
			isa = XCBuildConfiguration;
			buildSettings = {
				ALWAYS_SEARCH_USER_PATHS = NO;
				CLANG_ANALYZER_NONNULL = YES;
				CLANG_ANALYZER_NUMBER_OBJECT_CONVERSION = YES_AGGRESSIVE;
				CLANG_CXX_LANGUAGE_STANDARD = "gnu++14";
				CLANG_CXX_LIBRARY = "libc++";
				CLANG_ENABLE_MODULES = YES;
				CLANG_ENABLE_OBJC_ARC = YES;
				CLANG_ENABLE_OBJC_WEAK = YES;
				CLANG_WARN_BLOCK_CAPTURE_AUTORELEASING = YES;
				CLANG_WARN_BOOL_CONVERSION = YES;
				CLANG_WARN_COMMA = YES;
				CLANG_WARN_CONSTANT_CONVERSION = YES;
				CLANG_WARN_DEPRECATED_OBJC_IMPLEMENTATIONS = YES;
				CLANG_WARN_DIRECT_OBJC_ISA_USAGE = YES_ERROR;
				CLANG_WARN_DOCUMENTATION_COMMENTS = YES;
				CLANG_WARN_EMPTY_BODY = YES;
				CLANG_WARN_ENUM_CONVERSION = YES;
				CLANG_WARN_INFINITE_RECURSION = YES;
				CLANG_WARN_INT_CONVERSION = YES;
				CLANG_WARN_NON_LITERAL_NULL_CONVERSION = YES;
				CLANG_WARN_OBJC_IMPLICIT_RETAIN_SELF = YES;
				CLANG_WARN_OBJC_LITERAL_CONVERSION = YES;
				CLANG_WARN_OBJC_ROOT_CLASS = YES_ERROR;
				CLANG_WARN_QUOTED_INCLUDE_IN_FRAMEWORK_HEADER = YES;
				CLANG_WARN_RANGE_LOOP_ANALYSIS = YES;
				CLANG_WARN_STRICT_PROTOTYPES = YES;
				CLANG_WARN_SUSPICIOUS_MOVE = YES;
				CLANG_WARN_UNGUARDED_AVAILABILITY = YES_AGGRESSIVE;
				CLANG_WARN_UNREACHABLE_CODE = YES;
				CLANG_WARN__DUPLICATE_METHOD_MATCH = YES;
				COPY_PHASE_STRIP = NO;
				DEBUG_INFORMATION_FORMAT = dwarf;
				ENABLE_STRICT_OBJC_MSGSEND = YES;
				ENABLE_TESTABILITY = YES;
				GCC_C_LANGUAGE_STANDARD = gnu11;
				GCC_DYNAMIC_NO_PIC = NO;
				GCC_NO_COMMON_BLOCKS = YES;
				GCC_OPTIMIZATION_LEVEL = 0;
				GCC_PREPROCESSOR_DEFINITIONS = (
					"DEBUG=1",
					"$(inherited)",
				);
				GCC_WARN_64_TO_32_BIT_CONVERSION = YES;
				GCC_WARN_ABOUT_RETURN_TYPE = YES_ERROR;
				GCC_WARN_UNDECLARED_SELECTOR = YES;
				GCC_WARN_UNINITIALIZED_AUTOS = YES_AGGRESSIVE;
				GCC_WARN_UNUSED_FUNCTION = YES;
				GCC_WARN_UNUSED_VARIABLE = YES;
				IPHONEOS_DEPLOYMENT_TARGET = 11.0;
				MTL_ENABLE_DEBUG_INFO = INCLUDE_SOURCE;
				MTL_FAST_MATH = YES;
				ONLY_ACTIVE_ARCH = YES;
				SDKROOT = iphoneos;
				SWIFT_ACTIVE_COMPILATION_CONDITIONS = DEBUG;
				SWIFT_OPTIMIZATION_LEVEL = "-Onone";
			};
			name = Debug;
		};
		027510FA2503D1CC00BF7987 /* Release */ = {
			isa = XCBuildConfiguration;
			buildSettings = {
				ALWAYS_SEARCH_USER_PATHS = NO;
				CLANG_ANALYZER_NONNULL = YES;
				CLANG_ANALYZER_NUMBER_OBJECT_CONVERSION = YES_AGGRESSIVE;
				CLANG_CXX_LANGUAGE_STANDARD = "gnu++14";
				CLANG_CXX_LIBRARY = "libc++";
				CLANG_ENABLE_MODULES = YES;
				CLANG_ENABLE_OBJC_ARC = YES;
				CLANG_ENABLE_OBJC_WEAK = YES;
				CLANG_WARN_BLOCK_CAPTURE_AUTORELEASING = YES;
				CLANG_WARN_BOOL_CONVERSION = YES;
				CLANG_WARN_COMMA = YES;
				CLANG_WARN_CONSTANT_CONVERSION = YES;
				CLANG_WARN_DEPRECATED_OBJC_IMPLEMENTATIONS = YES;
				CLANG_WARN_DIRECT_OBJC_ISA_USAGE = YES_ERROR;
				CLANG_WARN_DOCUMENTATION_COMMENTS = YES;
				CLANG_WARN_EMPTY_BODY = YES;
				CLANG_WARN_ENUM_CONVERSION = YES;
				CLANG_WARN_INFINITE_RECURSION = YES;
				CLANG_WARN_INT_CONVERSION = YES;
				CLANG_WARN_NON_LITERAL_NULL_CONVERSION = YES;
				CLANG_WARN_OBJC_IMPLICIT_RETAIN_SELF = YES;
				CLANG_WARN_OBJC_LITERAL_CONVERSION = YES;
				CLANG_WARN_OBJC_ROOT_CLASS = YES_ERROR;
				CLANG_WARN_QUOTED_INCLUDE_IN_FRAMEWORK_HEADER = YES;
				CLANG_WARN_RANGE_LOOP_ANALYSIS = YES;
				CLANG_WARN_STRICT_PROTOTYPES = YES;
				CLANG_WARN_SUSPICIOUS_MOVE = YES;
				CLANG_WARN_UNGUARDED_AVAILABILITY = YES_AGGRESSIVE;
				CLANG_WARN_UNREACHABLE_CODE = YES;
				CLANG_WARN__DUPLICATE_METHOD_MATCH = YES;
				COPY_PHASE_STRIP = NO;
				DEBUG_INFORMATION_FORMAT = "dwarf-with-dsym";
				ENABLE_NS_ASSERTIONS = NO;
				ENABLE_STRICT_OBJC_MSGSEND = YES;
				GCC_C_LANGUAGE_STANDARD = gnu11;
				GCC_NO_COMMON_BLOCKS = YES;
				GCC_WARN_64_TO_32_BIT_CONVERSION = YES;
				GCC_WARN_ABOUT_RETURN_TYPE = YES_ERROR;
				GCC_WARN_UNDECLARED_SELECTOR = YES;
				GCC_WARN_UNINITIALIZED_AUTOS = YES_AGGRESSIVE;
				GCC_WARN_UNUSED_FUNCTION = YES;
				GCC_WARN_UNUSED_VARIABLE = YES;
				IPHONEOS_DEPLOYMENT_TARGET = 11.0;
				MTL_ENABLE_DEBUG_INFO = NO;
				MTL_FAST_MATH = YES;
				SDKROOT = iphoneos;
				SWIFT_COMPILATION_MODE = wholemodule;
				SWIFT_OPTIMIZATION_LEVEL = "-O";
				VALIDATE_PRODUCT = YES;
			};
			name = Release;
		};
		027510FC2503D1CD00BF7987 /* Debug */ = {
			isa = XCBuildConfiguration;
			baseConfigurationReference = A68CA803AFED627A62142BF2 /* Pods-Snapfood.debug.xcconfig */;
			buildSettings = {
				ASSETCATALOG_COMPILER_APPICON_NAME = AppIcon;
				CODE_SIGN_STYLE = Automatic;
				CURRENT_PROJECT_VERSION = 1;
				DEVELOPMENT_TEAM = 77BWS8985H;
				INFOPLIST_FILE = Snapfood/Info.plist;
				IPHONEOS_DEPLOYMENT_TARGET = 11.0;
				LD_RUNPATH_SEARCH_PATHS = (
					"$(inherited)",
					"@executable_path/Frameworks",
				);
				MARKETING_VERSION = 1.0.0;
				PRODUCT_BUNDLE_IDENTIFIER = com.likhitgarimella.Snapfood;
				PRODUCT_NAME = "$(TARGET_NAME)";
				SWIFT_VERSION = 5.0;
				TARGETED_DEVICE_FAMILY = 1;
			};
			name = Debug;
		};
		027510FD2503D1CD00BF7987 /* Release */ = {
			isa = XCBuildConfiguration;
			baseConfigurationReference = 0568DE127CA574181615345D /* Pods-Snapfood.release.xcconfig */;
			buildSettings = {
				ASSETCATALOG_COMPILER_APPICON_NAME = AppIcon;
				CODE_SIGN_STYLE = Automatic;
				CURRENT_PROJECT_VERSION = 1;
				DEVELOPMENT_TEAM = 77BWS8985H;
				INFOPLIST_FILE = Snapfood/Info.plist;
				IPHONEOS_DEPLOYMENT_TARGET = 11.0;
				LD_RUNPATH_SEARCH_PATHS = (
					"$(inherited)",
					"@executable_path/Frameworks",
				);
				MARKETING_VERSION = 1.0.0;
				PRODUCT_BUNDLE_IDENTIFIER = com.likhitgarimella.Snapfood;
				PRODUCT_NAME = "$(TARGET_NAME)";
				SWIFT_VERSION = 5.0;
				TARGETED_DEVICE_FAMILY = 1;
			};
			name = Release;
		};
/* End XCBuildConfiguration section */

/* Begin XCConfigurationList section */
		027510E22503D1B800BF7987 /* Build configuration list for PBXProject "Snapfood" */ = {
			isa = XCConfigurationList;
			buildConfigurations = (
				027510F92503D1CC00BF7987 /* Debug */,
				027510FA2503D1CC00BF7987 /* Release */,
			);
			defaultConfigurationIsVisible = 0;
			defaultConfigurationName = Release;
		};
		027510FB2503D1CD00BF7987 /* Build configuration list for PBXNativeTarget "Snapfood" */ = {
			isa = XCConfigurationList;
			buildConfigurations = (
				027510FC2503D1CD00BF7987 /* Debug */,
				027510FD2503D1CD00BF7987 /* Release */,
			);
			defaultConfigurationIsVisible = 0;
			defaultConfigurationName = Release;
		};
/* End XCConfigurationList section */
	};
	rootObject = 027510DF2503D1B800BF7987 /* Project object */;
}
